{
  "version": 4,
  "terraform_version": "0.14.5",
  "serial": 16,
  "lineage": "0466868b-a775-1267-86ba-5aced5f26939",
  "outputs": {},
  "resources": [
    {
      "mode": "managed",
      "type": "google_compute_firewall",
      "name": "default",
      "provider": "provider[\"registry.terraform.io/hashicorp/google\"]",
      "instances": [
        {
          "schema_version": 1,
          "attributes": {
            "allow": [
              {
                "ports": [
                  "80",
                  "8080",
                  "1000-2000"
                ],
                "protocol": "tcp"
              },
              {
                "ports": [],
                "protocol": "icmp"
              }
            ],
            "creation_timestamp": "2021-02-06T14:32:25.356-08:00",
            "deny": [],
            "description": "",
            "destination_ranges": [],
            "direction": "INGRESS",
            "disabled": false,
            "enable_logging": null,
            "id": "projects/poised-climate-303823/global/firewalls/test-firewall",
            "log_config": [],
            "name": "test-firewall",
            "network": "https://www.googleapis.com/compute/v1/projects/poised-climate-303823/global/networks/new-terraform-network",
            "priority": 1000,
            "project": "poised-climate-303823",
            "self_link": "https://www.googleapis.com/compute/v1/projects/poised-climate-303823/global/firewalls/test-firewall",
            "source_ranges": [
              "0.0.0.0/0"
            ],
            "source_service_accounts": null,
            "source_tags": null,
            "target_service_accounts": null,
            "target_tags": [
              "web"
            ],
            "timeouts": null
          },
          "sensitive_attributes": [],
          "private": "eyJlMmJmYjczMC1lY2FhLTExZTYtOGY4OC0zNDM2M2JjN2M0YzAiOnsiY3JlYXRlIjoyNDAwMDAwMDAwMDAsImRlbGV0ZSI6MjQwMDAwMDAwMDAwLCJ1cGRhdGUiOjI0MDAwMDAwMDAwMH0sInNjaGVtYV92ZXJzaW9uIjoiMSJ9",
          "dependencies": [
            "google_compute_network.vpc_network"
          ]
        }
      ]
    },
    {
      "mode": "managed",
      "type": "google_compute_instance",
      "name": "tf_vm_instance",
      "provider": "provider[\"registry.terraform.io/hashicorp/google\"]",
      "instances": [
        {
          "schema_version": 6,
          "attributes": {
            "allow_stopping_for_update": null,
            "attached_disk": [],
            "boot_disk": [
              {
                "auto_delete": true,
                "device_name": "persistent-disk-0",
                "disk_encryption_key_raw": "",
                "disk_encryption_key_sha256": "",
                "initialize_params": [
                  {
                    "image": "https://www.googleapis.com/compute/v1/projects/centos-cloud/global/images/centos-7-v20210122",
                    "labels": {},
                    "size": 20,
                    "type": "pd-standard"
                  }
                ],
                "kms_key_self_link": "",
                "mode": "READ_WRITE",
                "source": "https://www.googleapis.com/compute/v1/projects/poised-climate-303823/zones/us-central1-c/disks/tf-vm-instance"
              }
            ],
            "can_ip_forward": false,
            "confidential_instance_config": [],
            "cpu_platform": "Intel Haswell",
            "current_status": "RUNNING",
            "deletion_protection": false,
            "description": "",
            "desired_status": null,
            "enable_display": false,
            "guest_accelerator": [],
            "hostname": "",
            "id": "projects/poised-climate-303823/zones/us-central1-c/instances/tf-vm-instance",
            "instance_id": "4978032940835579413",
            "label_fingerprint": "42WmSpB8rSM=",
            "labels": null,
            "machine_type": "f1-micro",
            "metadata": null,
            "metadata_fingerprint": "RN1nqnDFJD4=",
            "metadata_startup_script": "#!/bin/bash\nyum update -y\nyum install httpd -y\nservice httpd start",
            "min_cpu_platform": "",
            "name": "tf-vm-instance",
            "network_interface": [
              {
                "access_config": [
                  {
                    "nat_ip": "35.225.147.39",
                    "network_tier": "PREMIUM",
                    "public_ptr_domain_name": ""
                  }
                ],
                "alias_ip_range": [],
                "name": "nic0",
                "network": "https://www.googleapis.com/compute/v1/projects/poised-climate-303823/global/networks/new-terraform-network",
                "network_ip": "10.128.0.2",
                "subnetwork": "https://www.googleapis.com/compute/v1/projects/poised-climate-303823/regions/us-central1/subnetworks/new-terraform-network",
                "subnetwork_project": "poised-climate-303823"
              }
            ],
            "project": "poised-climate-303823",
            "resource_policies": null,
            "scheduling": [
              {
                "automatic_restart": true,
                "node_affinities": [],
                "on_host_maintenance": "MIGRATE",
                "preemptible": false
              }
            ],
            "scratch_disk": [],
            "self_link": "https://www.googleapis.com/compute/v1/projects/poised-climate-303823/zones/us-central1-c/instances/tf-vm-instance",
            "service_account": [],
            "shielded_instance_config": [
              {
                "enable_integrity_monitoring": true,
                "enable_secure_boot": false,
                "enable_vtpm": true
              }
            ],
            "tags": [
              "web"
            ],
            "tags_fingerprint": "3d9fNIIa_10=",
            "timeouts": null,
            "zone": "us-central1-c"
          },
          "sensitive_attributes": [],
          "private": "eyJlMmJmYjczMC1lY2FhLTExZTYtOGY4OC0zNDM2M2JjN2M0YzAiOnsiY3JlYXRlIjoxMjAwMDAwMDAwMDAwLCJkZWxldGUiOjEyMDAwMDAwMDAwMDAsInVwZGF0ZSI6MTIwMDAwMDAwMDAwMH0sInNjaGVtYV92ZXJzaW9uIjoiNiJ9",
          "dependencies": [
            "google_compute_network.vpc_network"
          ]
        }
      ]
    },
    {
      "mode": "managed",
      "type": "google_compute_network",
      "name": "vpc_network",
      "provider": "provider[\"registry.terraform.io/hashicorp/google\"]",
      "instances": [
        {
          "schema_version": 0,
          "attributes": {
            "auto_create_subnetworks": true,
            "delete_default_routes_on_create": false,
            "description": "",
            "gateway_ipv4": "",
            "id": "projects/poised-climate-303823/global/networks/new-terraform-network",
            "mtu": 0,
            "name": "new-terraform-network",
            "project": "poised-climate-303823",
            "routing_mode": "REGIONAL",
            "self_link": "https://www.googleapis.com/compute/v1/projects/poised-climate-303823/global/networks/new-terraform-network",
            "timeouts": null
          },
          "sensitive_attributes": [],
          "private": "eyJlMmJmYjczMC1lY2FhLTExZTYtOGY4OC0zNDM2M2JjN2M0YzAiOnsiY3JlYXRlIjoyNDAwMDAwMDAwMDAsImRlbGV0ZSI6MjQwMDAwMDAwMDAwLCJ1cGRhdGUiOjI0MDAwMDAwMDAwMH19"
        }
      ]
    }
  ]
}
